
Microsoft Visual Studio Solution File, Format Version 12.00
# Visual Studio 15
VisualStudioVersion = 15.0.28307.489
MinimumVisualStudioVersion = 10.0.40219.1
Project("{FAE04EC0-301F-11D3-BF4B-00C04F79EFBC}") = "CreditMarket", "CreditMarket\CreditMarket.csproj", "{17BF0BCC-357D-47A1-93C7-D5F4256548A6}"
EndProject
Global
	GlobalSection(SolutionConfigurationPlatforms) = preSolution
		Debug|Any CPU = Debug|Any CPU
		Release|Any CPU = Release|Any CPU
	EndGlobalSection
	GlobalSection(ProjectConfigurationPlatforms) = postSolution
		{17BF0BCC-357D-47A1-93C7-D5F4256548A6}.Debug|Any CPU.ActiveCfg = Debug|Any CPU
		{17BF0BCC-357D-47A1-93C7-D5F4256548A6}.Debug|Any CPU.Build.0 = Debug|Any CPU
		{17BF0BCC-357D-47A1-93C7-D5F4256548A6}.Release|Any CPU.ActiveCfg = Release|Any CPU
		{17BF0BCC-357D-47A1-93C7-D5F4256548A6}.Release|Any CPU.Build.0 = Release|Any CPU
	EndGlobalSection
	GlobalSection(SolutionProperties) = preSolution
		HideSolutionNode = FALSE
	EndGlobalSection
	GlobalSection(ExtensibilityGlobals) = postSolution
		SolutionGuid = {2CC8AC73-AAD7-4B0A-80C3-D2FA4066694C}
	EndGlobalSection
EndGlobal
